// !$*UTF8*$!
{
	archiveVersion = 1;
	classes = {
	};
	objectVersion = 77;
	objects = {

/* Begin PBXBuildFile section */
		EE5B4B122F525C80007EA475 /* StoreManager.swift in Sources */ = {isa = PBXBuildFile; fileRef = EE5B4B112F525C80007EA475 /* StoreManager.swift */; };
		EE5B4B132F525C80007EA475 /* StoreManager.swift in Sources */ = {isa = PBXBuildFile; fileRef = EE5B4B112F525C80007EA475 /* StoreManager.swift */; };
		EE6ECE452F47B698006EA9F2 /* AppDelegate.swift in Sources */ = {isa = PBXBuildFile; fileRef = EE6ECE442F47B698006EA9F2 /* AppDelegate.swift */; };
		EE6ECE472F47B698006EA9F2 /* SceneDelegate.swift in Sources */ = {isa = PBXBuildFile; fileRef = EE6ECE462F47B698006EA9F2 /* SceneDelegate.swift */; };
		EE6ECE4A2F47B698006EA9F2 /* LaunchScreen.storyboard in Resources */ = {isa = PBXBuildFile; fileRef = EE6ECE482F47B698006EA9F2 /* LaunchScreen.storyboard */; };
		EE6ECE4D2F47B698006EA9F2 /* Main.storyboard in Resources */ = {isa = PBXBuildFile; fileRef = EE6ECE4B2F47B698006EA9F2 /* Main.storyboard */; };
		EE6ECE562F47B698006EA9F2 /* AppDelegate.swift in Sources */ = {isa = PBXBuildFile; fileRef = EE6ECE552F47B698006EA9F2 /* AppDelegate.swift */; };
		EE6ECE592F47B698006EA9F2 /* Main.storyboard in Resources */ = {isa = PBXBuildFile; fileRef = EE6ECE572F47B698006EA9F2 /* Main.storyboard */; };
		EE6ECE602F47B698006EA9F2 /* FearFilter Extension.appex in Embed Foundation Extensions */ = {isa = PBXBuildFile; fileRef = EE6ECE5F2F47B698006EA9F2 /* FearFilter Extension.appex */; settings = {ATTRIBUTES = (RemoveHeadersOnCopy, ); }; };
		EE6ECE6A2F47B698006EA9F2 /* FearFilter Extension.appex in Embed Foundation Extensions */ = {isa = PBXBuildFile; fileRef = EE6ECE692F47B698006EA9F2 /* FearFilter Extension.appex */; settings = {ATTRIBUTES = (RemoveHeadersOnCopy, ); }; };
		EE6ECE6F2F47B698006EA9F2 /* Main.html in Resources */ = {isa = PBXBuildFile; fileRef = EE6ECE342F47B698006EA9F2 /* Main.html */; };
		EE6ECE702F47B698006EA9F2 /* Main.html in Resources */ = {isa = PBXBuildFile; fileRef = EE6ECE342F47B698006EA9F2 /* Main.html */; };
		EE6ECE712F47B698006EA9F2 /* Icon.png in Resources */ = {isa = PBXBuildFile; fileRef = EE6ECE362F47B698006EA9F2 /* Icon.png */; };
		EE6ECE722F47B698006EA9F2 /* Icon.png in Resources */ = {isa = PBXBuildFile; fileRef = EE6ECE362F47B698006EA9F2 /* Icon.png */; };
		EE6ECE732F47B698006EA9F2 /* Style.css in Resources */ = {isa = PBXBuildFile; fileRef = EE6ECE372F47B698006EA9F2 /* Style.css */; };
		EE6ECE742F47B698006EA9F2 /* Style.css in Resources */ = {isa = PBXBuildFile; fileRef = EE6ECE372F47B698006EA9F2 /* Style.css */; };
		EE6ECE752F47B698006EA9F2 /* Script.js in Resources */ = {isa = PBXBuildFile; fileRef = EE6ECE382F47B698006EA9F2 /* Script.js */; };
		EE6ECE762F47B698006EA9F2 /* Script.js in Resources */ = {isa = PBXBuildFile; fileRef = EE6ECE382F47B698006EA9F2 /* Script.js */; };
		EE6ECE772F47B698006EA9F2 /* ViewController.swift in Sources */ = {isa = PBXBuildFile; fileRef = EE6ECE392F47B698006EA9F2 /* ViewController.swift */; };
		EE6ECE782F47B698006EA9F2 /* ViewController.swift in Sources */ = {isa = PBXBuildFile; fileRef = EE6ECE392F47B698006EA9F2 /* ViewController.swift */; };
		EE6ECE792F47B698006EA9F2 /* Assets.xcassets in Resources */ = {isa = PBXBuildFile; fileRef = EE6ECE3A2F47B698006EA9F2 /* Assets.xcassets */; };
		EE6ECE7A2F47B698006EA9F2 /* Assets.xcassets in Resources */ = {isa = PBXBuildFile; fileRef = EE6ECE3A2F47B698006EA9F2 /* Assets.xcassets */; };
		EE6ECE7B2F47B698006EA9F2 /* SafariWebExtensionHandler.swift in Sources */ = {isa = PBXBuildFile; fileRef = EE6ECE3C2F47B698006EA9F2 /* SafariWebExtensionHandler.swift */; };
		EE6ECE7C2F47B698006EA9F2 /* SafariWebExtensionHandler.swift in Sources */ = {isa = PBXBuildFile; fileRef = EE6ECE3C2F47B698006EA9F2 /* SafariWebExtensionHandler.swift */; };
		EE6ECE992F47B699006EA9F2 /* icon16.png in Resources */ = {isa = PBXBuildFile; fileRef = EE6ECE8E2F47B699006EA9F2 /* icon16.png */; };
		EE6ECE9A2F47B699006EA9F2 /* popup.js in Resources */ = {isa = PBXBuildFile; fileRef = EE6ECE8F2F47B699006EA9F2 /* popup.js */; };
		EE6ECE9B2F47B699006EA9F2 /* background.js in Resources */ = {isa = PBXBuildFile; fileRef = EE6ECE902F47B699006EA9F2 /* background.js */; };
		EE6ECE9C2F47B699006EA9F2 /* popup.html in Resources */ = {isa = PBXBuildFile; fileRef = EE6ECE912F47B699006EA9F2 /* popup.html */; };
		EE6ECE9D2F47B699006EA9F2 /* icon48.png in Resources */ = {isa = PBXBuildFile; fileRef = EE6ECE922F47B699006EA9F2 /* icon48.png */; };
		EE6ECE9E2F47B699006EA9F2 /* icon128.png in Resources */ = {isa = PBXBuildFile; fileRef = EE6ECE932F47B699006EA9F2 /* icon128.png */; };
		EE6ECEA02F47B699006EA9F2 /* manifest.json in Resources */ = {isa = PBXBuildFile; fileRef = EE6ECE952F47B699006EA9F2 /* manifest.json */; };
		EE6ECEA12F47B699006EA9F2 /* content.js in Resources */ = {isa = PBXBuildFile; fileRef = EE6ECE962F47B699006EA9F2 /* content.js */; };
		EE6ECEA22F47B699006EA9F2 /* privacy.html in Resources */ = {isa = PBXBuildFile; fileRef = EE6ECE972F47B699006EA9F2 /* privacy.html */; };
		EE6ECEA32F47B699006EA9F2 /* onboarding.html in Resources */ = {isa = PBXBuildFile; fileRef = EE6ECE982F47B699006EA9F2 /* onboarding.html */; };
		EE6ECEA42F47B699006EA9F2 /* icon16.png in Resources */ = {isa = PBXBuildFile; fileRef = EE6ECE8E2F47B699006EA9F2 /* icon16.png */; };
		EE6ECEA52F47B699006EA9F2 /* popup.js in Resources */ = {isa = PBXBuildFile; fileRef = EE6ECE8F2F47B699006EA9F2 /* popup.js */; };
		EE6ECEA62F47B699006EA9F2 /* background.js in Resources */ = {isa = PBXBuildFile; fileRef = EE6ECE902F47B699006EA9F2 /* background.js */; };
		EE6ECEA72F47B699006EA9F2 /* popup.html in Resources */ = {isa = PBXBuildFile; fileRef = EE6ECE912F47B699006EA9F2 /* popup.html */; };
		EE6ECEA82F47B699006EA9F2 /* icon48.png in Resources */ = {isa = PBXBuildFile; fileRef = EE6ECE922F47B699006EA9F2 /* icon48.png */; };
		EE6ECEA92F47B699006EA9F2 /* icon128.png in Resources */ = {isa = PBXBuildFile; fileRef = EE6ECE932F47B699006EA9F2 /* icon128.png */; };
		EE6ECEAB2F47B699006EA9F2 /* manifest.json in Resources */ = {isa = PBXBuildFile; fileRef = EE6ECE952F47B699006EA9F2 /* manifest.json */; };
		EE6ECEAC2F47B699006EA9F2 /* content.js in Resources */ = {isa = PBXBuildFile; fileRef = EE6ECE962F47B699006EA9F2 /* content.js */; };
		EE6ECEAD2F47B699006EA9F2 /* privacy.html in Resources */ = {isa = PBXBuildFile; fileRef = EE6ECE972F47B699006EA9F2 /* privacy.html */; };
		EE6ECEAE2F47B699006EA9F2 /* onboarding.html in Resources */ = {isa = PBXBuildFile; fileRef = EE6ECE982F47B699006EA9F2 /* onboarding.html */; };
/* End PBXBuildFile section */

/* Begin PBXContainerItemProxy section */
		EE6ECE612F47B698006EA9F2 /* PBXContainerItemProxy */ = {
			isa = PBXContainerItemProxy;
			containerPortal = EE6ECE2E2F47B697006EA9F2 /* Project object */;
			proxyType = 1;
			remoteGlobalIDString = EE6ECE5E2F47B698006EA9F2;
			remoteInfo = "FearFilter Extension (iOS)";
		};
		EE6ECE6B2F47B698006EA9F2 /* PBXContainerItemProxy */ = {
			isa = PBXContainerItemProxy;
			containerPortal = EE6ECE2E2F47B697006EA9F2 /* Project object */;
			proxyType = 1;
			remoteGlobalIDString = EE6ECE682F47B698006EA9F2;
			remoteInfo = "FearFilter Extension (macOS)";
		};
/* End PBXContainerItemProxy section */

/* Begin PBXCopyFilesBuildPhase section */
		EE6ECE822F47B698006EA9F2 /* Embed Foundation Extensions */ = {
			isa = PBXCopyFilesBuildPhase;
			buildActionMask = 2147483647;
			dstPath = "";
			dstSubfolderSpec = 13;
			files = (
				EE6ECE602F47B698006EA9F2 /* FearFilter Extension.appex in Embed Foundation Extensions */,
			);
			name = "Embed Foundation Extensions";
			runOnlyForDeploymentPostprocessing = 0;
		};
		EE6ECE892F47B698006EA9F2 /* Embed Foundation Extensions */ = {
			isa = PBXCopyFilesBuildPhase;
			buildActionMask = 2147483647;
			dstPath = "";
			dstSubfolderSpec = 13;
			files = (
				EE6ECE6A2F47B698006EA9F2 /* FearFilter Extension.appex in Embed Foundation Extensions */,
			);
			name = "Embed Foundation Extensions";
			runOnlyForDeploymentPostprocessing = 0;
		};
/* End PBXCopyFilesBuildPhase section */

/* Begin PBXFileReference section */
		EE5B4B112F525C80007EA475 /* StoreManager.swift */ = {isa = PBXFileReference; lastKnownFileType = sourcecode.swift; path = StoreManager.swift; sourceTree = "<group>"; };
		EE6ECE352F47B698006EA9F2 /* Base */ = {isa = PBXFileReference; lastKnownFileType = text.html; name = Base; path = Base.lproj/Main.html; sourceTree = "<group>"; };
		EE6ECE362F47B698006EA9F2 /* Icon.png */ = {isa = PBXFileReference; lastKnownFileType = image.png; path = Icon.png; sourceTree = "<group>"; };
		EE6ECE372F47B698006EA9F2 /* Style.css */ = {isa = PBXFileReference; lastKnownFileType = text.css; path = Style.css; sourceTree = "<group>"; };
		EE6ECE382F47B698006EA9F2 /* Script.js */ = {isa = PBXFileReference; lastKnownFileType = sourcecode.javascript; path = Script.js; sourceTree = "<group>"; };
		EE6ECE392F47B698006EA9F2 /* ViewController.swift */ = {isa = PBXFileReference; lastKnownFileType = sourcecode.swift; path = ViewController.swift; sourceTree = "<group>"; };
		EE6ECE3A2F47B698006EA9F2 /* Assets.xcassets */ = {isa = PBXFileReference; lastKnownFileType = folder.assetcatalog; path = Assets.xcassets; sourceTree = "<group>"; };
		EE6ECE3C2F47B698006EA9F2 /* SafariWebExtensionHandler.swift */ = {isa = PBXFileReference; lastKnownFileType = sourcecode.swift; path = SafariWebExtensionHandler.swift; sourceTree = "<group>"; };
		EE6ECE412F47B698006EA9F2 /* FearFilter.app */ = {isa = PBXFileReference; explicitFileType = wrapper.application; includeInIndex = 0; path = FearFilter.app; sourceTree = BUILT_PRODUCTS_DIR; };
		EE6ECE442F47B698006EA9F2 /* AppDelegate.swift */ = {isa = PBXFileReference; lastKnownFileType = sourcecode.swift; path = AppDelegate.swift; sourceTree = "<group>"; };
		EE6ECE462F47B698006EA9F2 /* SceneDelegate.swift */ = {isa = PBXFileReference; lastKnownFileType = sourcecode.swift; path = SceneDelegate.swift; sourceTree = "<group>"; };
		EE6ECE492F47B698006EA9F2 /* Base */ = {isa = PBXFileReference; lastKnownFileType = file.storyboard; name = Base; path = Base.lproj/LaunchScreen.storyboard; sourceTree = "<group>"; };
		EE6ECE4C2F47B698006EA9F2 /* Base */ = {isa = PBXFileReference; lastKnownFileType = file.storyboard; name = Base; path = Base.lproj/Main.storyboard; sourceTree = "<group>"; };
		EE6ECE4E2F47B698006EA9F2 /* Info.plist */ = {isa = PBXFileReference; lastKnownFileType = text.plist.xml; path = Info.plist; sourceTree = "<group>"; };
		EE6ECE532F47B698006EA9F2 /* FearFilter.app */ = {isa = PBXFileReference; explicitFileType = wrapper.application; includeInIndex = 0; path = FearFilter.app; sourceTree = BUILT_PRODUCTS_DIR; };
		EE6ECE552F47B698006EA9F2 /* AppDelegate.swift */ = {isa = PBXFileReference; lastKnownFileType = sourcecode.swift; path = AppDelegate.swift; sourceTree = "<group>"; };
		EE6ECE582F47B698006EA9F2 /* Base */ = {isa = PBXFileReference; lastKnownFileType = file.storyboard; name = Base; path = Base.lproj/Main.storyboard; sourceTree = "<group>"; };
		EE6ECE5A2F47B698006EA9F2 /* Info.plist */ = {isa = PBXFileReference; lastKnownFileType = text.plist.xml; path = Info.plist; sourceTree = "<group>"; };
		EE6ECE5F2F47B698006EA9F2 /* FearFilter Extension.appex */ = {isa = PBXFileReference; explicitFileType = "wrapper.app-extension"; includeInIndex = 0; path = "FearFilter Extension.appex"; sourceTree = BUILT_PRODUCTS_DIR; };
		EE6ECE642F47B698006EA9F2 /* Info.plist */ = {isa = PBXFileReference; lastKnownFileType = text.plist.xml; path = Info.plist; sourceTree = "<group>"; };
		EE6ECE692F47B698006EA9F2 /* FearFilter Extension.appex */ = {isa = PBXFileReference; explicitFileType = "wrapper.app-extension"; includeInIndex = 0; path = "FearFilter Extension.appex"; sourceTree = BUILT_PRODUCTS_DIR; };
		EE6ECE6E2F47B698006EA9F2 /* Info.plist */ = {isa = PBXFileReference; lastKnownFileType = text.plist.xml; path = Info.plist; sourceTree = "<group>"; };
		EE6ECE8E2F47B699006EA9F2 /* icon16.png */ = {isa = PBXFileReference; lastKnownFileType = image.png; name = icon16.png; path = ../../icon16.png; sourceTree = "<group>"; };
		EE6ECE8F2F47B699006EA9F2 /* popup.js */ = {isa = PBXFileReference; lastKnownFileType = sourcecode.javascript; name = popup.js; path = ../../popup.js; sourceTree = "<group>"; };
		EE6ECE902F47B699006EA9F2 /* background.js */ = {isa = PBXFileReference; lastKnownFileType = sourcecode.javascript; name = background.js; path = ../../background.js; sourceTree = "<group>"; };
		EE6ECE912F47B699006EA9F2 /* popup.html */ = {isa = PBXFileReference; lastKnownFileType = text.html; name = popup.html; path = ../../popup.html; sourceTree = "<group>"; };
		EE6ECE922F47B699006EA9F2 /* icon48.png */ = {isa = PBXFileReference; lastKnownFileType = image.png; name = icon48.png; path = ../../icon48.png; sourceTree = "<group>"; };
		EE6ECE932F47B699006EA9F2 /* icon128.png */ = {isa = PBXFileReference; lastKnownFileType = image.png; name = icon128.png; path = ../../icon128.png; sourceTree = "<group>"; };
		EE6ECE952F47B699006EA9F2 /* manifest.json */ = {isa = PBXFileReference; lastKnownFileType = text.json; name = manifest.json; path = ../../manifest.json; sourceTree = "<group>"; };
		EE6ECE962F47B699006EA9F2 /* content.js */ = {isa = PBXFileReference; lastKnownFileType = sourcecode.javascript; name = content.js; path = ../../content.js; sourceTree = "<group>"; };
		EE6ECE972F47B699006EA9F2 /* privacy.html */ = {isa = PBXFileReference; lastKnownFileType = text.html; name = privacy.html; path = ../../privacy.html; sourceTree = "<group>"; };
		EE6ECE982F47B699006EA9F2 /* onboarding.html */ = {isa = PBXFileReference; lastKnownFileType = text.html; name = onboarding.html; path = ../../onboarding.html; sourceTree = "<group>"; };
/* End PBXFileReference section */

/* Begin PBXFrameworksBuildPhase section */
		EE6ECE3E2F47B698006EA9F2 /* Frameworks */ = {
			isa = PBXFrameworksBuildPhase;
			buildActionMask = 2147483647;
			files = (
			);
			runOnlyForDeploymentPostprocessing = 0;
		};
		EE6ECE502F47B698006EA9F2 /* Frameworks */ = {
			isa = PBXFrameworksBuildPhase;
			buildActionMask = 2147483647;
			files = (
			);
			runOnlyForDeploymentPostprocessing = 0;
		};
		EE6ECE5C2F47B698006EA9F2 /* Frameworks */ = {
			isa = PBXFrameworksBuildPhase;
			buildActionMask = 2147483647;
			files = (
			);
			runOnlyForDeploymentPostprocessing = 0;
		};
		EE6ECE662F47B698006EA9F2 /* Frameworks */ = {
			isa = PBXFrameworksBuildPhase;
			buildActionMask = 2147483647;
			files = (
			);
			runOnlyForDeploymentPostprocessing = 0;
		};
/* End PBXFrameworksBuildPhase section */

/* Begin PBXGroup section */
		EE6ECE2D2F47B697006EA9F2 = {
			isa = PBXGroup;
			children = (
				EE6ECE322F47B698006EA9F2 /* Shared (App) */,
				EE6ECE3B2F47B698006EA9F2 /* Shared (Extension) */,
				EE6ECE432F47B698006EA9F2 /* iOS (App) */,
				EE6ECE542F47B698006EA9F2 /* macOS (App) */,
				EE6ECE632F47B698006EA9F2 /* iOS (Extension) */,
				EE6ECE6D2F47B698006EA9F2 /* macOS (Extension) */,
				EE6ECE422F47B698006EA9F2 /* Products */,
			);
			sourceTree = "<group>";
		};
		EE6ECE322F47B698006EA9F2 /* Shared (App) */ = {
			isa = PBXGroup;
			children = (
				EE5B4B112F525C80007EA475 /* StoreManager.swift */,
				EE6ECE392F47B698006EA9F2 /* ViewController.swift */,
				EE6ECE3A2F47B698006EA9F2 /* Assets.xcassets */,
				EE6ECE332F47B698006EA9F2 /* Resources */,
			);
			path = "Shared (App)";
			sourceTree = "<group>";
		};
		EE6ECE332F47B698006EA9F2 /* Resources */ = {
			isa = PBXGroup;
			children = (
				EE6ECE342F47B698006EA9F2 /* Main.html */,
				EE6ECE362F47B698006EA9F2 /* Icon.png */,
				EE6ECE372F47B698006EA9F2 /* Style.css */,
				EE6ECE382F47B698006EA9F2 /* Script.js */,
			);
			path = Resources;
			sourceTree = "<group>";
		};
		EE6ECE3B2F47B698006EA9F2 /* Shared (Extension) */ = {
			isa = PBXGroup;
			children = (
				EE6ECE8D2F47B699006EA9F2 /* Resources */,
				EE6ECE3C2F47B698006EA9F2 /* SafariWebExtensionHandler.swift */,
			);
			path = "Shared (Extension)";
			sourceTree = "<group>";
		};
		EE6ECE422F47B698006EA9F2 /* Products */ = {
			isa = PBXGroup;
			children = (
				EE6ECE412F47B698006EA9F2 /* FearFilter.app */,
				EE6ECE532F47B698006EA9F2 /* FearFilter.app */,
				EE6ECE5F2F47B698006EA9F2 /* FearFilter Extension.appex */,
				EE6ECE692F47B698006EA9F2 /* FearFilter Extension.appex */,
			);
			name = Products;
			sourceTree = "<group>";
		};
		EE6ECE432F47B698006EA9F2 /* iOS (App) */ = {
			isa = PBXGroup;
			children = (
				EE6ECE442F47B698006EA9F2 /* AppDelegate.swift */,
				EE6ECE462F47B698006EA9F2 /* SceneDelegate.swift */,
				EE6ECE482F47B698006EA9F2 /* LaunchScreen.storyboard */,
				EE6ECE4B2F47B698006EA9F2 /* Main.storyboard */,
				EE6ECE4E2F47B698006EA9F2 /* Info.plist */,
			);
			path = "iOS (App)";
			sourceTree = "<group>";
		};
		EE6ECE542F47B698006EA9F2 /* macOS (App) */ = {
			isa = PBXGroup;
			children = (
				EE6ECE552F47B698006EA9F2 /* AppDelegate.swift */,
				EE6ECE572F47B698006EA9F2 /* Main.storyboard */,
				EE6ECE5A2F47B698006EA9F2 /* Info.plist */,
			);
			path = "macOS (App)";
			sourceTree = "<group>";
		};
		EE6ECE632F47B698006EA9F2 /* iOS (Extension) */ = {
			isa = PBXGroup;
			children = (
				EE6ECE642F47B698006EA9F2 /* Info.plist */,
			);
			path = "iOS (Extension)";
			sourceTree = "<group>";
		};
		EE6ECE6D2F47B698006EA9F2 /* macOS (Extension) */ = {
			isa = PBXGroup;
			children = (
				EE6ECE6E2F47B698006EA9F2 /* Info.plist */,
			);
			path = "macOS (Extension)";
			sourceTree = "<group>";
		};
		EE6ECE8D2F47B699006EA9F2 /* Resources */ = {
			isa = PBXGroup;
			children = (
				EE6ECE8E2F47B699006EA9F2 /* icon16.png */,
				EE6ECE8F2F47B699006EA9F2 /* popup.js */,
				EE6ECE902F47B699006EA9F2 /* background.js */,
				EE6ECE912F47B699006EA9F2 /* popup.html */,
				EE6ECE922F47B699006EA9F2 /* icon48.png */,
				EE6ECE932F47B699006EA9F2 /* icon128.png */,
				EE6ECE952F47B699006EA9F2 /* manifest.json */,
				EE6ECE962F47B699006EA9F2 /* content.js */,
				EE6ECE972F47B699006EA9F2 /* privacy.html */,
				EE6ECE982F47B699006EA9F2 /* onboarding.html */,
			);
			name = Resources;
			path = "Shared (Extension)";
			sourceTree = SOURCE_ROOT;
		};
/* End PBXGroup section */

/* Begin PBXNativeTarget section */
		EE6ECE402F47B698006EA9F2 /* FearFilter (iOS) */ = {
			isa = PBXNativeTarget;
			buildConfigurationList = EE6ECE832F47B698006EA9F2 /* Build configuration list for PBXNativeTarget "FearFilter (iOS)" */;
			buildPhases = (
				EE6ECE3D2F47B698006EA9F2 /* Sources */,
				EE6ECE3E2F47B698006EA9F2 /* Frameworks */,
				EE6ECE3F2F47B698006EA9F2 /* Resources */,
				EE6ECE822F47B698006EA9F2 /* Embed Foundation Extensions */,
			);
			buildRules = (
			);
			dependencies = (
				EE6ECE622F47B698006EA9F2 /* PBXTargetDependency */,
			);
			name = "FearFilter (iOS)";
			packageProductDependencies = (
			);
			productName = "FearFilter (iOS)";
			productReference = EE6ECE412F47B698006EA9F2 /* FearFilter.app */;
			productType = "com.apple.product-type.application";
		};
		EE6ECE522F47B698006EA9F2 /* FearFilter (macOS) */ = {
			isa = PBXNativeTarget;
			buildConfigurationList = EE6ECE8A2F47B698006EA9F2 /* Build configuration list for PBXNativeTarget "FearFilter (macOS)" */;
			buildPhases = (
				EE6ECE4F2F47B698006EA9F2 /* Sources */,
				EE6ECE502F47B698006EA9F2 /* Frameworks */,
				EE6ECE512F47B698006EA9F2 /* Resources */,
				EE6ECE892F47B698006EA9F2 /* Embed Foundation Extensions */,
			);
			buildRules = (
			);
			dependencies = (
				EE6ECE6C2F47B698006EA9F2 /* PBXTargetDependency */,
			);
			name = "FearFilter (macOS)";
			packageProductDependencies = (
			);
			productName = "FearFilter (macOS)";
			productReference = EE6ECE532F47B698006EA9F2 /* FearFilter.app */;
			productType = "com.apple.product-type.application";
		};
		EE6ECE5E2F47B698006EA9F2 /* FearFilter Extension (iOS) */ = {
			isa = PBXNativeTarget;
			buildConfigurationList = EE6ECE7F2F47B698006EA9F2 /* Build configuration list for PBXNativeTarget "FearFilter Extension (iOS)" */;
			buildPhases = (
				EE6ECE5B2F47B698006EA9F2 /* Sources */,
				EE6ECE5C2F47B698006EA9F2 /* Frameworks */,
				EE6ECE5D2F47B698006EA9F2 /* Resources */,
			);
			buildRules = (
			);
			dependencies = (
			);
			name = "FearFilter Extension (iOS)";
			packageProductDependencies = (
			);
			productName = "FearFilter Extension (iOS)";
			productReference = EE6ECE5F2F47B698006EA9F2 /* FearFilter Extension.appex */;
			productType = "com.apple.product-type.app-extension";
		};
		EE6ECE682F47B698006EA9F2 /* FearFilter Extension (macOS) */ = {
			isa = PBXNativeTarget;
			buildConfigurationList = EE6ECE862F47B698006EA9F2 /* Build configuration list for PBXNativeTarget "FearFilter Extension (macOS)" */;
			buildPhases = (
				EE6ECE652F47B698006EA9F2 /* Sources */,
				EE6ECE662F47B698006EA9F2 /* Frameworks */,
				EE6ECE672F47B698006EA9F2 /* Resources */,
			);
			buildRules = (
			);
			dependencies = (
			);
			name = "FearFilter Extension (macOS)";
			packageProductDependencies = (
			);
			productName = "FearFilter Extension (macOS)";
			productReference = EE6ECE692F47B698006EA9F2 /* FearFilter Extension.appex */;
			productType = "com.apple.product-type.app-extension";
		};
/* End PBXNativeTarget section */

/* Begin PBXProject section */
		EE6ECE2E2F47B697006EA9F2 /* Project object */ = {
			isa = PBXProject;
			attributes = {
				BuildIndependentTargetsInParallel = 1;
				LastSwiftUpdateCheck = 2620;
				LastUpgradeCheck = 2620;
				TargetAttributes = {
					EE6ECE402F47B698006EA9F2 = {
						CreatedOnToolsVersion = 26.2;
					};
					EE6ECE522F47B698006EA9F2 = {
						CreatedOnToolsVersion = 26.2;
					};
					EE6ECE5E2F47B698006EA9F2 = {
						CreatedOnToolsVersion = 26.2;
					};
					EE6ECE682F47B698006EA9F2 = {
						CreatedOnToolsVersion = 26.2;
					};
				};
			};
			buildConfigurationList = EE6ECE312F47B697006EA9F2 /* Build configuration list for PBXProject "FearFilter" */;
			developmentRegion = en;
			hasScannedForEncodings = 0;
			knownRegions = (
				en,
				Base,
			);
			mainGroup = EE6ECE2D2F47B697006EA9F2;
			minimizedProjectReferenceProxies = 1;
			preferredProjectObjectVersion = 77;
			productRefGroup = EE6ECE422F47B698006EA9F2 /* Products */;
			projectDirPath = "";
			projectRoot = "";
			targets = (
				EE6ECE402F47B698006EA9F2 /* FearFilter (iOS) */,
				EE6ECE522F47B698006EA9F2 /* FearFilter (macOS) */,
				EE6ECE5E2F47B698006EA9F2 /* FearFilter Extension (iOS) */,
				EE6ECE682F47B698006EA9F2 /* FearFilter Extension (macOS) */,
			);
		};
/* End PBXProject section */

/* Begin PBXResourcesBuildPhase section */
		EE6ECE3F2F47B698006EA9F2 /* Resources */ = {
			isa = PBXResourcesBuildPhase;
			buildActionMask = 2147483647;
			files = (
				EE6ECE712F47B698006EA9F2 /* Icon.png in Resources */,
				EE6ECE4A2F47B698006EA9F2 /* LaunchScreen.storyboard in Resources */,
				EE6ECE6F2F47B698006EA9F2 /* Main.html in Resources */,
				EE6ECE752F47B698006EA9F2 /* Script.js in Resources */,
				EE6ECE792F47B698006EA9F2 /* Assets.xcassets in Resources */,
				EE6ECE4D2F47B698006EA9F2 /* Main.storyboard in Resources */,
				EE6ECE732F47B698006EA9F2 /* Style.css in Resources */,
			);
			runOnlyForDeploymentPostprocessing = 0;
		};
		EE6ECE512F47B698006EA9F2 /* Resources */ = {
			isa = PBXResourcesBuildPhase;
			buildActionMask = 2147483647;
			files = (
				EE6ECE722F47B698006EA9F2 /* Icon.png in Resources */,
				EE6ECE742F47B698006EA9F2 /* Style.css in Resources */,
				EE6ECE592F47B698006EA9F2 /* Main.storyboard in Resources */,
				EE6ECE762F47B698006EA9F2 /* Script.js in Resources */,
				EE6ECE7A2F47B698006EA9F2 /* Assets.xcassets in Resources */,
				EE6ECE702F47B698006EA9F2 /* Main.html in Resources */,
			);
			runOnlyForDeploymentPostprocessing = 0;
		};
		EE6ECE5D2F47B698006EA9F2 /* Resources */ = {
			isa = PBXResourcesBuildPhase;
			buildActionMask = 2147483647;
			files = (
				EE6ECEA42F47B699006EA9F2 /* icon16.png in Resources */,
				EE6ECEA72F47B699006EA9F2 /* popup.html in Resources */,
				EE6ECEA92F47B699006EA9F2 /* icon128.png in Resources */,
				EE6ECEAE2F47B699006EA9F2 /* onboarding.html in Resources */,
				EE6ECEAB2F47B699006EA9F2 /* manifest.json in Resources */,
				EE6ECEAD2F47B699006EA9F2 /* privacy.html in Resources */,
				EE6ECEA62F47B699006EA9F2 /* background.js in Resources */,
				EE6ECEAC2F47B699006EA9F2 /* content.js in Resources */,
				EE6ECEA52F47B699006EA9F2 /* popup.js in Resources */,
				EE6ECEA82F47B699006EA9F2 /* icon48.png in Resources */,
			);
			runOnlyForDeploymentPostprocessing = 0;
		};
		EE6ECE672F47B698006EA9F2 /* Resources */ = {
			isa = PBXResourcesBuildPhase;
			buildActionMask = 2147483647;
			files = (
				EE6ECE992F47B699006EA9F2 /* icon16.png in Resources */,
				EE6ECE9C2F47B699006EA9F2 /* popup.html in Resources */,
				EE6ECE9E2F47B699006EA9F2 /* icon128.png in Resources */,
				EE6ECEA32F47B699006EA9F2 /* onboarding.html in Resources */,
				EE6ECEA02F47B699006EA9F2 /* manifest.json in Resources */,
				EE6ECEA22F47B699006EA9F2 /* privacy.html in Resources */,
				EE6ECE9B2F47B699006EA9F2 /* background.js in Resources */,
				EE6ECEA12F47B699006EA9F2 /* content.js in Resources */,
				EE6ECE9A2F47B699006EA9F2 /* popup.js in Resources */,
				EE6ECE9D2F47B699006EA9F2 /* icon48.png in Resources */,
			);
			runOnlyForDeploymentPostprocessing = 0;
		};
/* End PBXResourcesBuildPhase section */

/* Begin PBXSourcesBuildPhase section */
		EE6ECE3D2F47B698006EA9F2 /* Sources */ = {
			isa = PBXSourcesBuildPhase;
			buildActionMask = 2147483647;
			files = (
				EE6ECE772F47B698006EA9F2 /* ViewController.swift in Sources */,
				EE5B4B122F525C80007EA475 /* StoreManager.swift in Sources */,
				EE6ECE452F47B698006EA9F2 /* AppDelegate.swift in Sources */,
				EE6ECE472F47B698006EA9F2 /* SceneDelegate.swift in Sources */,
			);
			runOnlyForDeploymentPostprocessing = 0;
		};
		EE6ECE4F2F47B698006EA9F2 /* Sources */ = {
			isa = PBXSourcesBuildPhase;
			buildActionMask = 2147483647;
			files = (
				EE5B4B132F525C80007EA475 /* StoreManager.swift in Sources */,
				EE6ECE782F47B698006EA9F2 /* ViewController.swift in Sources */,
				EE6ECE562F47B698006EA9F2 /* AppDelegate.swift in Sources */,
			);
			runOnlyForDeploymentPostprocessing = 0;
		};
		EE6ECE5B2F47B698006EA9F2 /* Sources */ = {
			isa = PBXSourcesBuildPhase;
			buildActionMask = 2147483647;
			files = (
				EE6ECE7B2F47B698006EA9F2 /* SafariWebExtensionHandler.swift in Sources */,
			);
			runOnlyForDeploymentPostprocessing = 0;
		};
		EE6ECE652F47B698006EA9F2 /* Sources */ = {
			isa = PBXSourcesBuildPhase;
			buildActionMask = 2147483647;
			files = (
				EE6ECE7C2F47B698006EA9F2 /* SafariWebExtensionHandler.swift in Sources */,
			);
			runOnlyForDeploymentPostprocessing = 0;
		};
/* End PBXSourcesBuildPhase section */

/* Begin PBXTargetDependency section */
		EE6ECE622F47B698006EA9F2 /* PBXTargetDependency */ = {
			isa = PBXTargetDependency;
			target = EE6ECE5E2F47B698006EA9F2 /* FearFilter Extension (iOS) */;
			targetProxy = EE6ECE612F47B698006EA9F2 /* PBXContainerItemProxy */;
		};
		EE6ECE6C2F47B698006EA9F2 /* PBXTargetDependency */ = {
			isa = PBXTargetDependency;
			target = EE6ECE682F47B698006EA9F2 /* FearFilter Extension (macOS) */;
			targetProxy = EE6ECE6B2F47B698006EA9F2 /* PBXContainerItemProxy */;
		};
/* End PBXTargetDependency section */

/* Begin PBXVariantGroup section */
		EE6ECE342F47B698006EA9F2 /* Main.html */ = {
			isa = PBXVariantGroup;
			children = (
				EE6ECE352F47B698006EA9F2 /* Base */,
			);
			name = Main.html;
			sourceTree = "<group>";
		};
		EE6ECE482F47B698006EA9F2 /* LaunchScreen.storyboard */ = {
			isa = PBXVariantGroup;
			children = (
				EE6ECE492F47B698006EA9F2 /* Base */,
			);
			name = LaunchScreen.storyboard;
			sourceTree = "<group>";
		};
		EE6ECE4B2F47B698006EA9F2 /* Main.storyboard */ = {
			isa = PBXVariantGroup;
			children = (
				EE6ECE4C2F47B698006EA9F2 /* Base */,
			);
			name = Main.storyboard;
			sourceTree = "<group>";
		};
		EE6ECE572F47B698006EA9F2 /* Main.storyboard */ = {
			isa = PBXVariantGroup;
			children = (
				EE6ECE582F47B698006EA9F2 /* Base */,
			);
			name = Main.storyboard;
			sourceTree = "<group>";
		};
/* End PBXVariantGroup section */

/* Begin XCBuildConfiguration section */
		EE6ECE7D2F47B698006EA9F2 /* Debug */ = {
			isa = XCBuildConfiguration;
			buildSettings = {
				ALWAYS_SEARCH_USER_PATHS = NO;
				ASSETCATALOG_COMPILER_GENERATE_SWIFT_ASSET_SYMBOL_EXTENSIONS = YES;
				CLANG_ANALYZER_NONNULL = YES;
				CLANG_ANALYZER_NUMBER_OBJECT_CONVERSION = YES_AGGRESSIVE;
				CLANG_CXX_LANGUAGE_STANDARD = "gnu++20";
				CLANG_ENABLE_MODULES = YES;
				CLANG_ENABLE_OBJC_ARC = YES;
				CLANG_ENABLE_OBJC_WEAK = YES;
				CLANG_WARN_BLOCK_CAPTURE_AUTORELEASING = YES;
				CLANG_WARN_BOOL_CONVERSION = YES;
				CLANG_WARN_COMMA = YES;
				CLANG_WARN_CONSTANT_CONVERSION = YES;
				CLANG_WARN_DEPRECATED_OBJC_IMPLEMENTATIONS = YES;
				CLANG_WARN_DIRECT_OBJC_ISA_USAGE = YES_ERROR;
				CLANG_WARN_DOCUMENTATION_COMMENTS = YES;
				CLANG_WARN_EMPTY_BODY = YES;
				CLANG_WARN_ENUM_CONVERSION = YES;
				CLANG_WARN_INFINITE_RECURSION = YES;
				CLANG_WARN_INT_CONVERSION = YES;
				CLANG_WARN_NON_LITERAL_NULL_CONVERSION = YES;
				CLANG_WARN_OBJC_IMPLICIT_RETAIN_SELF = YES;
				CLANG_WARN_OBJC_LITERAL_CONVERSION = YES;
				CLANG_WARN_OBJC_ROOT_CLASS = YES_ERROR;
				CLANG_WARN_QUOTED_INCLUDE_IN_FRAMEWORK_HEADER = YES;
				CLANG_WARN_RANGE_LOOP_ANALYSIS = YES;
				CLANG_WARN_STRICT_PROTOTYPES = YES;
				CLANG_WARN_SUSPICIOUS_MOVE = YES;
				CLANG_WARN_UNGUARDED_AVAILABILITY = YES_AGGRESSIVE;
				CLANG_WARN_UNREACHABLE_CODE = YES;
				CLANG_WARN__DUPLICATE_METHOD_MATCH = YES;
				COPY_PHASE_STRIP = NO;
				DEBUG_INFORMATION_FORMAT = dwarf;
				ENABLE_STRICT_OBJC_MSGSEND = YES;
				ENABLE_TESTABILITY = YES;
				ENABLE_USER_SCRIPT_SANDBOXING = YES;
				GCC_C_LANGUAGE_STANDARD = gnu17;
				GCC_DYNAMIC_NO_PIC = NO;
				GCC_NO_COMMON_BLOCKS = YES;
				GCC_OPTIMIZATION_LEVEL = 0;
				GCC_PREPROCESSOR_DEFINITIONS = (
					"DEBUG=1",
					"$(inherited)",
				);
				GCC_WARN_64_TO_32_BIT_CONVERSION = YES;
				GCC_WARN_ABOUT_RETURN_TYPE = YES_ERROR;
				GCC_WARN_UNDECLARED_SELECTOR = YES;
				GCC_WARN_UNINITIALIZED_AUTOS = YES_AGGRESSIVE;
				GCC_WARN_UNUSED_FUNCTION = YES;
				GCC_WARN_UNUSED_VARIABLE = YES;
				LOCALIZATION_PREFERS_STRING_CATALOGS = YES;
				MTL_ENABLE_DEBUG_INFO = INCLUDE_SOURCE;
				MTL_FAST_MATH = YES;
				ONLY_ACTIVE_ARCH = YES;
				SWIFT_ACTIVE_COMPILATION_CONDITIONS = "DEBUG $(inherited)";
				SWIFT_OPTIMIZATION_LEVEL = "-Onone";
			};
			name = Debug;
		};
		EE6ECE7E2F47B698006EA9F2 /* Release */ = {
			isa = XCBuildConfiguration;
			buildSettings = {
				ALWAYS_SEARCH_USER_PATHS = NO;
				ASSETCATALOG_COMPILER_GENERATE_SWIFT_ASSET_SYMBOL_EXTENSIONS = YES;
				CLANG_ANALYZER_NONNULL = YES;
				CLANG_ANALYZER_NUMBER_OBJECT_CONVERSION = YES_AGGRESSIVE;
				CLANG_CXX_LANGUAGE_STANDARD = "gnu++20";
				CLANG_ENABLE_MODULES = YES;
				CLANG_ENABLE_OBJC_ARC = YES;
				CLANG_ENABLE_OBJC_WEAK = YES;
				CLANG_WARN_BLOCK_CAPTURE_AUTORELEASING = YES;
				CLANG_WARN_BOOL_CONVERSION = YES;
				CLANG_WARN_COMMA = YES;
				CLANG_WARN_CONSTANT_CONVERSION = YES;
				CLANG_WARN_DEPRECATED_OBJC_IMPLEMENTATIONS = YES;
				CLANG_WARN_DIRECT_OBJC_ISA_USAGE = YES_ERROR;
				CLANG_WARN_DOCUMENTATION_COMMENTS = YES;
				CLANG_WARN_EMPTY_BODY = YES;
				CLANG_WARN_ENUM_CONVERSION = YES;
				CLANG_WARN_INFINITE_RECURSION = YES;
				CLANG_WARN_INT_CONVERSION = YES;
				CLANG_WARN_NON_LITERAL_NULL_CONVERSION = YES;
				CLANG_WARN_OBJC_IMPLICIT_RETAIN_SELF = YES;
				CLANG_WARN_OBJC_LITERAL_CONVERSION = YES;
				CLANG_WARN_OBJC_ROOT_CLASS = YES_ERROR;
				CLANG_WARN_QUOTED_INCLUDE_IN_FRAMEWORK_HEADER = YES;
				CLANG_WARN_RANGE_LOOP_ANALYSIS = YES;
				CLANG_WARN_STRICT_PROTOTYPES = YES;
				CLANG_WARN_SUSPICIOUS_MOVE = YES;
				CLANG_WARN_UNGUARDED_AVAILABILITY = YES_AGGRESSIVE;
				CLANG_WARN_UNREACHABLE_CODE = YES;
				CLANG_WARN__DUPLICATE_METHOD_MATCH = YES;
				COPY_PHASE_STRIP = NO;
				DEBUG_INFORMATION_FORMAT = "dwarf-with-dsym";
				ENABLE_NS_ASSERTIONS = NO;
				ENABLE_STRICT_OBJC_MSGSEND = YES;
				ENABLE_USER_SCRIPT_SANDBOXING = YES;
				GCC_C_LANGUAGE_STANDARD = gnu17;
				GCC_NO_COMMON_BLOCKS = YES;
				GCC_WARN_64_TO_32_BIT_CONVERSION = YES;
				GCC_WARN_ABOUT_RETURN_TYPE = YES_ERROR;
				GCC_WARN_UNDECLARED_SELECTOR = YES;
				GCC_WARN_UNINITIALIZED_AUTOS = YES_AGGRESSIVE;
				GCC_WARN_UNUSED_FUNCTION = YES;
				GCC_WARN_UNUSED_VARIABLE = YES;
				LOCALIZATION_PREFERS_STRING_CATALOGS = YES;
				MTL_ENABLE_DEBUG_INFO = NO;
				MTL_FAST_MATH = YES;
				SWIFT_COMPILATION_MODE = wholemodule;
			};
			name = Release;
		};
		EE6ECE802F47B698006EA9F2 /* Debug */ = {
			isa = XCBuildConfiguration;
			buildSettings = {
				CODE_SIGN_STYLE = Automatic;
				CURRENT_PROJECT_VERSION = 1;
				DEVELOPMENT_TEAM = KP5XB6RW79;
				GENERATE_INFOPLIST_FILE = YES;
				INFOPLIST_FILE = "iOS (Extension)/Info.plist";
				INFOPLIST_KEY_CFBundleDisplayName = "FearFilter Extension";
				INFOPLIST_KEY_NSHumanReadableCopyright = "";
				IPHONEOS_DEPLOYMENT_TARGET = 15.0;
				LD_RUNPATH_SEARCH_PATHS = (
					"$(inherited)",
					"@executable_path/Frameworks",
					"@executable_path/../../Frameworks",
				);
				MARKETING_VERSION = 1.0;
				OTHER_LDFLAGS = (
					"-framework",
					SafariServices,
				);
				PRODUCT_BUNDLE_IDENTIFIER = com.brookeskinner.fearfilter.Extension;
				PRODUCT_NAME = "FearFilter Extension";
				SDKROOT = iphoneos;
				SKIP_INSTALL = YES;
				STRING_CATALOG_GENERATE_SYMBOLS = YES;
				SWIFT_APPROACHABLE_CONCURRENCY = YES;
				SWIFT_EMIT_LOC_STRINGS = YES;
				SWIFT_UPCOMING_FEATURE_MEMBER_IMPORT_VISIBILITY = YES;
				SWIFT_VERSION = 5.0;
				TARGETED_DEVICE_FAMILY = "1,2";
			};
			name = Debug;
		};
		EE6ECE812F47B698006EA9F2 /* Release */ = {
			isa = XCBuildConfiguration;
			buildSettings = {
				CODE_SIGN_STYLE = Automatic;
				CURRENT_PROJECT_VERSION = 1;
				DEVELOPMENT_TEAM = KP5XB6RW79;
				GENERATE_INFOPLIST_FILE = YES;
				INFOPLIST_FILE = "iOS (Extension)/Info.plist";
				INFOPLIST_KEY_CFBundleDisplayName = "FearFilter Extension";
				INFOPLIST_KEY_NSHumanReadableCopyright = "";
				IPHONEOS_DEPLOYMENT_TARGET = 15.0;
				LD_RUNPATH_SEARCH_PATHS = (
					"$(inherited)",
					"@executable_path/Frameworks",
					"@executable_path/../../Frameworks",
				);
				MARKETING_VERSION = 1.0;
				OTHER_LDFLAGS = (
					"-framework",
					SafariServices,
				);
				PRODUCT_BUNDLE_IDENTIFIER = com.brookeskinner.fearfilter.Extension;
				PRODUCT_NAME = "FearFilter Extension";
				SDKROOT = iphoneos;
				SKIP_INSTALL = YES;
				STRING_CATALOG_GENERATE_SYMBOLS = YES;
				SWIFT_APPROACHABLE_CONCURRENCY = YES;
				SWIFT_EMIT_LOC_STRINGS = YES;
				SWIFT_UPCOMING_FEATURE_MEMBER_IMPORT_VISIBILITY = YES;
				SWIFT_VERSION = 5.0;
				TARGETED_DEVICE_FAMILY = "1,2";
				VALIDATE_PRODUCT = YES;
			};
			name = Release;
		};
		EE6ECE842F47B698006EA9F2 /* Debug */ = {
			isa = XCBuildConfiguration;
			buildSettings = {
				ASSETCATALOG_COMPILER_APPICON_NAME = AppIcon;
				ASSETCATALOG_COMPILER_GLOBAL_ACCENT_COLOR_NAME = AccentColor;
				CODE_SIGN_STYLE = Automatic;
				CURRENT_PROJECT_VERSION = 1;
				DEVELOPMENT_TEAM = KP5XB6RW79;
				GENERATE_INFOPLIST_FILE = YES;
				INFOPLIST_FILE = "iOS (App)/Info.plist";
				INFOPLIST_KEY_CFBundleDisplayName = FearFilter;
				INFOPLIST_KEY_LSApplicationCategoryType = "public.app-category.lifestyle";
				INFOPLIST_KEY_UIApplicationSupportsIndirectInputEvents = YES;
				INFOPLIST_KEY_UILaunchStoryboardName = LaunchScreen;
				INFOPLIST_KEY_UIMainStoryboardFile = Main;
				INFOPLIST_KEY_UISupportedInterfaceOrientations = "UIInterfaceOrientationPortrait UIInterfaceOrientationLandscapeLeft UIInterfaceOrientationLandscapeRight";
				INFOPLIST_KEY_UISupportedInterfaceOrientations_iPad = "UIInterfaceOrientationPortrait UIInterfaceOrientationPortraitUpsideDown UIInterfaceOrientationLandscapeLeft UIInterfaceOrientationLandscapeRight";
				IPHONEOS_DEPLOYMENT_TARGET = 15.0;
				LD_RUNPATH_SEARCH_PATHS = (
					"$(inherited)",
					"@executable_path/Frameworks",
				);
				MARKETING_VERSION = 1.0;
				OTHER_LDFLAGS = (
					"-framework",
					SafariServices,
					"-framework",
					WebKit,
				);
				PRODUCT_BUNDLE_IDENTIFIER = com.brookeskinner.fearfilter;
				PRODUCT_NAME = FearFilter;
				SDKROOT = iphoneos;
				STRING_CATALOG_GENERATE_SYMBOLS = YES;
				SWIFT_APPROACHABLE_CONCURRENCY = YES;
				SWIFT_DEFAULT_ACTOR_ISOLATION = MainActor;
				SWIFT_EMIT_LOC_STRINGS = YES;
				SWIFT_UPCOMING_FEATURE_MEMBER_IMPORT_VISIBILITY = YES;
				SWIFT_VERSION = 5.0;
				TARGETED_DEVICE_FAMILY = "1,2";
			};
			name = Debug;
		};
		EE6ECE852F47B698006EA9F2 /* Release */ = {
			isa = XCBuildConfiguration;
			buildSettings = {
				ASSETCATALOG_COMPILER_APPICON_NAME = AppIcon;
				ASSETCATALOG_COMPILER_GLOBAL_ACCENT_COLOR_NAME = AccentColor;
				CODE_SIGN_STYLE = Automatic;
				CURRENT_PROJECT_VERSION = 1;
				DEVELOPMENT_TEAM = KP5XB6RW79;
				GENERATE_INFOPLIST_FILE = YES;
				INFOPLIST_FILE = "iOS (App)/Info.plist";
				INFOPLIST_KEY_CFBundleDisplayName = FearFilter;
				INFOPLIST_KEY_LSApplicationCategoryType = "public.app-category.lifestyle";
				INFOPLIST_KEY_UIApplicationSupportsIndirectInputEvents = YES;
				INFOPLIST_KEY_UILaunchStoryboardName = LaunchScreen;
				INFOPLIST_KEY_UIMainStoryboardFile = Main;
				INFOPLIST_KEY_UISupportedInterfaceOrientations = "UIInterfaceOrientationPortrait UIInterfaceOrientationLandscapeLeft UIInterfaceOrientationLandscapeRight";
				INFOPLIST_KEY_UISupportedInterfaceOrientations_iPad = "UIInterfaceOrientationPortrait UIInterfaceOrientationPortraitUpsideDown UIInterfaceOrientationLandscapeLeft UIInterfaceOrientationLandscapeRight";
				IPHONEOS_DEPLOYMENT_TARGET = 15.0;
				LD_RUNPATH_SEARCH_PATHS = (
					"$(inherited)",
					"@executable_path/Frameworks",
				);
				MARKETING_VERSION = 1.0;
				OTHER_LDFLAGS = (
					"-framework",
					SafariServices,
					"-framework",
					WebKit,
				);
				PRODUCT_BUNDLE_IDENTIFIER = com.brookeskinner.fearfilter;
				PRODUCT_NAME = FearFilter;
				SDKROOT = iphoneos;
				STRING_CATALOG_GENERATE_SYMBOLS = YES;
				SWIFT_APPROACHABLE_CONCURRENCY = YES;
				SWIFT_DEFAULT_ACTOR_ISOLATION = MainActor;
				SWIFT_EMIT_LOC_STRINGS = YES;
				SWIFT_UPCOMING_FEATURE_MEMBER_IMPORT_VISIBILITY = YES;
				SWIFT_VERSION = 5.0;
				TARGETED_DEVICE_FAMILY = "1,2";
				VALIDATE_PRODUCT = YES;
			};
			name = Release;
		};
		EE6ECE872F47B698006EA9F2 /* Debug */ = {
			isa = XCBuildConfiguration;
			buildSettings = {
				CODE_SIGN_STYLE = Automatic;
				CURRENT_PROJECT_VERSION = 1;
				DEVELOPMENT_TEAM = KP5XB6RW79;
				ENABLE_APP_SANDBOX = YES;
				ENABLE_HARDENED_RUNTIME = YES;
				ENABLE_USER_SELECTED_FILES = readonly;
				GENERATE_INFOPLIST_FILE = YES;
				INFOPLIST_FILE = "macOS (Extension)/Info.plist";
				INFOPLIST_KEY_CFBundleDisplayName = "FearFilter Extension";
				INFOPLIST_KEY_NSHumanReadableCopyright = "";
				LD_RUNPATH_SEARCH_PATHS = (
					"$(inherited)",
					"@executable_path/../Frameworks",
					"@executable_path/../../../../Frameworks",
				);
				MACOSX_DEPLOYMENT_TARGET = 10.14;
				MARKETING_VERSION = 1.0;
				OTHER_LDFLAGS = (
					"-framework",
					SafariServices,
				);
				PRODUCT_BUNDLE_IDENTIFIER = com.brookeskinner.fearfilter.Extension;
				PRODUCT_NAME = "FearFilter Extension";
				SDKROOT = macosx;
				SKIP_INSTALL = YES;
				STRING_CATALOG_GENERATE_SYMBOLS = YES;
				SWIFT_APPROACHABLE_CONCURRENCY = YES;
				SWIFT_EMIT_LOC_STRINGS = YES;
				SWIFT_UPCOMING_FEATURE_MEMBER_IMPORT_VISIBILITY = YES;
				SWIFT_VERSION = 5.0;
			};
			name = Debug;
		};
		EE6ECE882F47B698006EA9F2 /* Release */ = {
			isa = XCBuildConfiguration;
			buildSettings = {
				CODE_SIGN_STYLE = Automatic;
				CURRENT_PROJECT_VERSION = 1;
				DEVELOPMENT_TEAM = KP5XB6RW79;
				ENABLE_APP_SANDBOX = YES;
				ENABLE_HARDENED_RUNTIME = YES;
				ENABLE_USER_SELECTED_FILES = readonly;
				GENERATE_INFOPLIST_FILE = YES;
				INFOPLIST_FILE = "macOS (Extension)/Info.plist";
				INFOPLIST_KEY_CFBundleDisplayName = "FearFilter Extension";
				INFOPLIST_KEY_NSHumanReadableCopyright = "";
				LD_RUNPATH_SEARCH_PATHS = (
					"$(inherited)",
					"@executable_path/../Frameworks",
					"@executable_path/../../../../Frameworks",
				);
				MACOSX_DEPLOYMENT_TARGET = 10.14;
				MARKETING_VERSION = 1.0;
				OTHER_LDFLAGS = (
					"-framework",
					SafariServices,
				);
				PRODUCT_BUNDLE_IDENTIFIER = com.brookeskinner.fearfilter.Extension;
				PRODUCT_NAME = "FearFilter Extension";
				SDKROOT = macosx;
				SKIP_INSTALL = YES;
				STRING_CATALOG_GENERATE_SYMBOLS = YES;
				SWIFT_APPROACHABLE_CONCURRENCY = YES;
				SWIFT_EMIT_LOC_STRINGS = YES;
				SWIFT_UPCOMING_FEATURE_MEMBER_IMPORT_VISIBILITY = YES;
				SWIFT_VERSION = 5.0;
			};
			name = Release;
		};
		EE6ECE8B2F47B698006EA9F2 /* Debug */ = {
			isa = XCBuildConfiguration;
			buildSettings = {
				ASSETCATALOG_COMPILER_APPICON_NAME = AppIcon;
				ASSETCATALOG_COMPILER_GLOBAL_ACCENT_COLOR_NAME = AccentColor;
				CODE_SIGN_STYLE = Automatic;
				CURRENT_PROJECT_VERSION = 1;
				DEVELOPMENT_TEAM = KP5XB6RW79;
				ENABLE_APP_SANDBOX = YES;
				ENABLE_HARDENED_RUNTIME = YES;
				ENABLE_OUTGOING_NETWORK_CONNECTIONS = YES;
				ENABLE_USER_SELECTED_FILES = readonly;
				GENERATE_INFOPLIST_FILE = YES;
				INFOPLIST_FILE = "macOS (App)/Info.plist";
				INFOPLIST_KEY_CFBundleDisplayName = FearFilter;
				INFOPLIST_KEY_LSApplicationCategoryType = "public.app-category.lifestyle";
				INFOPLIST_KEY_NSMainStoryboardFile = Main;
				INFOPLIST_KEY_NSPrincipalClass = NSApplication;
				LD_RUNPATH_SEARCH_PATHS = (
					"$(inherited)",
					"@executable_path/../Frameworks",
				);
				MACOSX_DEPLOYMENT_TARGET = 12.4;
				MARKETING_VERSION = 1.0;
				OTHER_LDFLAGS = (
					"-framework",
					SafariServices,
					"-framework",
					WebKit,
				);
				PRODUCT_BUNDLE_IDENTIFIER = com.brookeskinner.fearfilter;
				PRODUCT_NAME = FearFilter;
				REGISTER_APP_GROUPS = YES;
				SDKROOT = macosx;
				STRING_CATALOG_GENERATE_SYMBOLS = YES;
				SWIFT_APPROACHABLE_CONCURRENCY = YES;
				SWIFT_DEFAULT_ACTOR_ISOLATION = MainActor;
				SWIFT_EMIT_LOC_STRINGS = YES;
				SWIFT_UPCOMING_FEATURE_MEMBER_IMPORT_VISIBILITY = YES;
				SWIFT_VERSION = 5.0;
			};
			name = Debug;
		};
		EE6ECE8C2F47B698006EA9F2 /* Release */ = {
			isa = XCBuildConfiguration;
			buildSettings = {
				ASSETCATALOG_COMPILER_APPICON_NAME = AppIcon;
				ASSETCATALOG_COMPILER_GLOBAL_ACCENT_COLOR_NAME = AccentColor;
				CODE_SIGN_STYLE = Automatic;
				CURRENT_PROJECT_VERSION = 1;
				DEVELOPMENT_TEAM = KP5XB6RW79;
				ENABLE_APP_SANDBOX = YES;
				ENABLE_HARDENED_RUNTIME = YES;
				ENABLE_OUTGOING_NETWORK_CONNECTIONS = YES;
				ENABLE_USER_SELECTED_FILES = readonly;
				GENERATE_INFOPLIST_FILE = YES;
				INFOPLIST_FILE = "macOS (App)/Info.plist";
				INFOPLIST_KEY_CFBundleDisplayName = FearFilter;
				INFOPLIST_KEY_LSApplicationCategoryType = "public.app-category.lifestyle";
				INFOPLIST_KEY_NSMainStoryboardFile = Main;
				INFOPLIST_KEY_NSPrincipalClass = NSApplication;
				LD_RUNPATH_SEARCH_PATHS = (
					"$(inherited)",
					"@executable_path/../Frameworks",
				);
				MACOSX_DEPLOYMENT_TARGET = 12.4;
				MARKETING_VERSION = 1.0;
				OTHER_LDFLAGS = (
					"-framework",
					SafariServices,
					"-framework",
					WebKit,
				);
				PRODUCT_BUNDLE_IDENTIFIER = com.brookeskinner.fearfilter;
				PRODUCT_NAME = FearFilter;
				REGISTER_APP_GROUPS = YES;
				SDKROOT = macosx;
				STRING_CATALOG_GENERATE_SYMBOLS = YES;
				SWIFT_APPROACHABLE_CONCURRENCY = YES;
				SWIFT_DEFAULT_ACTOR_ISOLATION = MainActor;
				SWIFT_EMIT_LOC_STRINGS = YES;
				SWIFT_UPCOMING_FEATURE_MEMBER_IMPORT_VISIBILITY = YES;
				SWIFT_VERSION = 5.0;
			};
			name = Release;
		};
/* End XCBuildConfiguration section */

/* Begin XCConfigurationList section */
		EE6ECE312F47B697006EA9F2 /* Build configuration list for PBXProject "FearFilter" */ = {
			isa = XCConfigurationList;
			buildConfigurations = (
				EE6ECE7D2F47B698006EA9F2 /* Debug */,
				EE6ECE7E2F47B698006EA9F2 /* Release */,
			);
			defaultConfigurationIsVisible = 0;
			defaultConfigurationName = Release;
		};
		EE6ECE7F2F47B698006EA9F2 /* Build configuration list for PBXNativeTarget "FearFilter Extension (iOS)" */ = {
			isa = XCConfigurationList;
			buildConfigurations = (
				EE6ECE802F47B698006EA9F2 /* Debug */,
				EE6ECE812F47B698006EA9F2 /* Release */,
			);
			defaultConfigurationIsVisible = 0;
			defaultConfigurationName = Release;
		};
		EE6ECE832F47B698006EA9F2 /* Build configuration list for PBXNativeTarget "FearFilter (iOS)" */ = {
			isa = XCConfigurationList;
			buildConfigurations = (
				EE6ECE842F47B698006EA9F2 /* Debug */,
				EE6ECE852F47B698006EA9F2 /* Release */,
			);
			defaultConfigurationIsVisible = 0;
			defaultConfigurationName = Release;
		};
		EE6ECE862F47B698006EA9F2 /* Build configuration list for PBXNativeTarget "FearFilter Extension (macOS)" */ = {
			isa = XCConfigurationList;
			buildConfigurations = (
				EE6ECE872F47B698006EA9F2 /* Debug */,
				EE6ECE882F47B698006EA9F2 /* Release */,
			);
			defaultConfigurationIsVisible = 0;
			defaultConfigurationName = Release;
		};
		EE6ECE8A2F47B698006EA9F2 /* Build configuration list for PBXNativeTarget "FearFilter (macOS)" */ = {
			isa = XCConfigurationList;
			buildConfigurations = (
				EE6ECE8B2F47B698006EA9F2 /* Debug */,
				EE6ECE8C2F47B698006EA9F2 /* Release */,
			);
			defaultConfigurationIsVisible = 0;
			defaultConfigurationName = Release;
		};
/* End XCConfigurationList section */
	};
	rootObject = EE6ECE2E2F47B697006EA9F2 /* Project object */;
}
